github.com/BernierEvan/api_fournisseurs/api_fournisseurs_project v0.0.0-20250611070344-ca15f6b0191e h1:IiewznnSbXOqEwpUNNwpxj0LGHO7S9nxI/EKLX5O+As=
github.com/BernierEvan/api_fournisseurs/api_fournisseurs_project v0.0.0-20250611070344-ca15f6b0191e/go.mod h1:G+JwhmxsBpWxs2iozM98Dn8ngUrdOlf/thh5sFQ/d1Y=
